
Microsoft Visual Studio Solution File, Format Version 12.00
# Visual Studio Version 17
VisualStudioVersion = 17.11.35327.3
MinimumVisualStudioVersion = 10.0.40219.1
Project("{FAE04EC0-301F-11D3-BF4B-00C04F79EFBC}") = "CrmInventory", "CrmInventory\CrmInventory.csproj", "{43AE2A85-E0A3-42FA-8674-FE87627708F1}"
EndProject
Global
	GlobalSection(SolutionConfigurationPlatforms) = preSolution
		Debug|Any CPU = Debug|Any CPU
		Release|Any CPU = Release|Any CPU
	EndGlobalSection
	GlobalSection(ProjectConfigurationPlatforms) = postSolution
		{43AE2A85-E0A3-42FA-8674-FE87627708F1}.Debug|Any CPU.ActiveCfg = Debug|Any CPU
		{43AE2A85-E0A3-42FA-8674-FE87627708F1}.Debug|Any CPU.Build.0 = Debug|Any CPU
		{43AE2A85-E0A3-42FA-8674-FE87627708F1}.Release|Any CPU.ActiveCfg = Release|Any CPU
		{43AE2A85-E0A3-42FA-8674-FE87627708F1}.Release|Any CPU.Build.0 = Release|Any CPU
	EndGlobalSection
	GlobalSection(SolutionProperties) = preSolution
		HideSolutionNode = FALSE
	EndGlobalSection
	GlobalSection(ExtensibilityGlobals) = postSolution
		SolutionGuid = {DBAD71C4-3B7D-49A9-A3E0-EE402D0E8836}
	EndGlobalSection
EndGlobal
